
Microsoft Visual Studio Solution File, Format Version 12.00
# Visual Studio Version 17
VisualStudioVersion = 17.13.35825.156
MinimumVisualStudioVersion = 10.0.40219.1
Project("{FAE04EC0-301F-11D3-BF4B-00C04F79EFBC}") = "WebApiConsultorioDesi", "WebApiConsultorioDesi\WebApiConsultorioDesi.csproj", "{AE92EA4C-30A5-4C6F-B5B1-B775A7878F17}"
EndProject
Project("{FAE04EC0-301F-11D3-BF4B-00C04F79EFBC}") = "MVCConsultorioMedico", "MVCConsultorioMedico\MVCConsultorioMedico.csproj", "{9E0CD545-841C-4174-B159-777153378D66}"
EndProject
Project("{FAE04EC0-301F-11D3-BF4B-00C04F79EFBC}") = "AccesoDatosConsultorioMedico", "AccesoDatosConsultorioMedico\AccesoDatosConsultorioMedico.csproj", "{9153DFEE-F928-4299-AFF5-2E9745B592C2}"
EndProject
Project("{FAE04EC0-301F-11D3-BF4B-00C04F79EFBC}") = "EntidadesConsultorioMedico", "EntidadesConsultorioMedico\EntidadesConsultorioMedico.csproj", "{F299F061-66A9-4B73-95D1-DBDF13939231}"
EndProject
Project("{2150E333-8FDC-42A3-9474-1A3956D46DE8}") = "Front", "Front", "{02EA681E-C7D8-13C7-8484-4AC65E1B71E8}"
EndProject
Project("{2150E333-8FDC-42A3-9474-1A3956D46DE8}") = "BackOld", "BackOld", "{9A2BA055-7F7F-465A-8422-4AB39725E8D2}"
EndProject
Project("{2150E333-8FDC-42A3-9474-1A3956D46DE8}") = "Back", "Back", "{8BA83007-753A-41DE-ADAD-5E0E2B085BDA}"
EndProject
Project("{FAE04EC0-301F-11D3-BF4B-00C04F79EFBC}") = "WebApiConsultorioDesiV2", "WebApiConsultorioDesiV2\WebApiConsultorioDesiV2.csproj", "{A149D63B-8DD0-499C-A812-1D62D9CC885B}"
EndProject
Project("{2150E333-8FDC-42A3-9474-1A3956D46DE8}") = "Catalogs", "Catalogs", "{86B73625-9564-4035-92FA-35388F708DF8}"
EndProject
Project("{2150E333-8FDC-42A3-9474-1A3956D46DE8}") = "Application", "Application", "{95F9BC89-152C-4C17-81EF-A2F5F16E610F}"
EndProject
Project("{2150E333-8FDC-42A3-9474-1A3956D46DE8}") = "DomainModel", "DomainModel", "{70589181-7055-4D8C-A0BA-B72321165C2F}"
EndProject
Project("{2150E333-8FDC-42A3-9474-1A3956D46DE8}") = "Infrastructure", "Infrastructure", "{CDEBE8FE-A490-4E70-B74A-0DE3D4D78CCE}"
EndProject
Project("{2150E333-8FDC-42A3-9474-1A3956D46DE8}") = "Messages", "Messages", "{C51EF43D-2EDC-43FC-9716-F1AC73A492CD}"
EndProject
Project("{2150E333-8FDC-42A3-9474-1A3956D46DE8}") = "DomainCommonModel", "DomainCommonModel", "{C66764C0-0980-4FA9-816C-3FE02D0A4DD5}"
EndProject
Project("{FAE04EC0-301F-11D3-BF4B-00C04F79EFBC}") = "Common.Domain", "Common.Domain\Common.Domain.csproj", "{CB29FC18-396A-4F66-A0CF-85A10CCEDBD9}"
EndProject
Project("{2150E333-8FDC-42A3-9474-1A3956D46DE8}") = "InfrastructureCommon", "InfrastructureCommon", "{37E8C919-7ED6-4C61-A7B8-0B944DC6C19E}"
EndProject
Project("{2150E333-8FDC-42A3-9474-1A3956D46DE8}") = "Helpers", "Helpers", "{637D9CDA-93F7-4E5E-A2BB-C47DA3485AAB}"
EndProject
Project("{FAE04EC0-301F-11D3-BF4B-00C04F79EFBC}") = "SqlProxy", "SqlProxy\SqlProxy.csproj", "{EB178F61-2D30-4CD4-99F2-32F286A7CF09}"
EndProject
Project("{FAE04EC0-301F-11D3-BF4B-00C04F79EFBC}") = "Catalogs.Application", "Catalogs.Application\Catalogs.Application.csproj", "{BB97A9C6-D9DF-4AC6-88B0-2998FC530740}"
EndProject
Project("{FAE04EC0-301F-11D3-BF4B-00C04F79EFBC}") = "Institutions.Application", "Institutions.Application\Institutions.Application.csproj", "{B4AEFA13-2907-44DA-B6F7-10090306D6AE}"
EndProject
Project("{FAE04EC0-301F-11D3-BF4B-00C04F79EFBC}") = "Catalogs.Domain", "Catalogs.Domain\Catalogs.Domain.csproj", "{76495A0C-FB76-47CB-8128-EEB79839D3F5}"
EndProject
Project("{FAE04EC0-301F-11D3-BF4B-00C04F79EFBC}") = "Institute.Domain", "Institute.Domain\Institute.Domain.csproj", "{EF0BBCEA-EA4B-46FF-B926-547D69162615}"
EndProject
Project("{2150E333-8FDC-42A3-9474-1A3956D46DE8}") = "proxies", "proxies", "{8A3A18BC-FB11-45CD-9639-424C6EB6C045}"
EndProject
Project("{FAE04EC0-301F-11D3-BF4B-00C04F79EFBC}") = "Catalogs.Proxy", "Catalogs.Proxy\Catalogs.Proxy.csproj", "{47531C29-CC9C-41BE-AAB3-EDF66F4BA2E0}"
EndProject
Project("{FAE04EC0-301F-11D3-BF4B-00C04F79EFBC}") = "Catalogs.Messages", "Catalogs.Messages\Catalogs.Messages.csproj", "{7BA73AEA-6585-4044-88DD-4E814CD03CC8}"
EndProject
Project("{FAE04EC0-301F-11D3-BF4B-00C04F79EFBC}") = "Institute.Proxy", "Institute.Proxy\Institute.Proxy.csproj", "{FCF4875B-26FF-4759-9F9B-2A8C9D084918}"
EndProject
Project("{FAE04EC0-301F-11D3-BF4B-00C04F79EFBC}") = "Institute.Message", "Institute.Message\Institute.Message.csproj", "{51D8E48E-719B-40BC-95CC-D55BFABFA6D4}"
EndProject
Global
	GlobalSection(SolutionConfigurationPlatforms) = preSolution
		Debug|Any CPU = Debug|Any CPU
		Release|Any CPU = Release|Any CPU
	EndGlobalSection
	GlobalSection(ProjectConfigurationPlatforms) = postSolution
		{AE92EA4C-30A5-4C6F-B5B1-B775A7878F17}.Debug|Any CPU.ActiveCfg = Debug|Any CPU
		{AE92EA4C-30A5-4C6F-B5B1-B775A7878F17}.Debug|Any CPU.Build.0 = Debug|Any CPU
		{AE92EA4C-30A5-4C6F-B5B1-B775A7878F17}.Release|Any CPU.ActiveCfg = Release|Any CPU
		{AE92EA4C-30A5-4C6F-B5B1-B775A7878F17}.Release|Any CPU.Build.0 = Release|Any CPU
		{9E0CD545-841C-4174-B159-777153378D66}.Debug|Any CPU.ActiveCfg = Debug|Any CPU
		{9E0CD545-841C-4174-B159-777153378D66}.Debug|Any CPU.Build.0 = Debug|Any CPU
		{9E0CD545-841C-4174-B159-777153378D66}.Release|Any CPU.ActiveCfg = Release|Any CPU
		{9E0CD545-841C-4174-B159-777153378D66}.Release|Any CPU.Build.0 = Release|Any CPU
		{9153DFEE-F928-4299-AFF5-2E9745B592C2}.Debug|Any CPU.ActiveCfg = Debug|Any CPU
		{9153DFEE-F928-4299-AFF5-2E9745B592C2}.Debug|Any CPU.Build.0 = Debug|Any CPU
		{9153DFEE-F928-4299-AFF5-2E9745B592C2}.Release|Any CPU.ActiveCfg = Release|Any CPU
		{9153DFEE-F928-4299-AFF5-2E9745B592C2}.Release|Any CPU.Build.0 = Release|Any CPU
		{F299F061-66A9-4B73-95D1-DBDF13939231}.Debug|Any CPU.ActiveCfg = Debug|Any CPU
		{F299F061-66A9-4B73-95D1-DBDF13939231}.Debug|Any CPU.Build.0 = Debug|Any CPU
		{F299F061-66A9-4B73-95D1-DBDF13939231}.Release|Any CPU.ActiveCfg = Release|Any CPU
		{F299F061-66A9-4B73-95D1-DBDF13939231}.Release|Any CPU.Build.0 = Release|Any CPU
		{A149D63B-8DD0-499C-A812-1D62D9CC885B}.Debug|Any CPU.ActiveCfg = Debug|Any CPU
		{A149D63B-8DD0-499C-A812-1D62D9CC885B}.Debug|Any CPU.Build.0 = Debug|Any CPU
		{A149D63B-8DD0-499C-A812-1D62D9CC885B}.Release|Any CPU.ActiveCfg = Release|Any CPU
		{A149D63B-8DD0-499C-A812-1D62D9CC885B}.Release|Any CPU.Build.0 = Release|Any CPU
		{CB29FC18-396A-4F66-A0CF-85A10CCEDBD9}.Debug|Any CPU.ActiveCfg = Debug|Any CPU
		{CB29FC18-396A-4F66-A0CF-85A10CCEDBD9}.Debug|Any CPU.Build.0 = Debug|Any CPU
		{CB29FC18-396A-4F66-A0CF-85A10CCEDBD9}.Release|Any CPU.ActiveCfg = Release|Any CPU
		{CB29FC18-396A-4F66-A0CF-85A10CCEDBD9}.Release|Any CPU.Build.0 = Release|Any CPU
		{EB178F61-2D30-4CD4-99F2-32F286A7CF09}.Debug|Any CPU.ActiveCfg = Debug|Any CPU
		{EB178F61-2D30-4CD4-99F2-32F286A7CF09}.Debug|Any CPU.Build.0 = Debug|Any CPU
		{EB178F61-2D30-4CD4-99F2-32F286A7CF09}.Release|Any CPU.ActiveCfg = Release|Any CPU
		{EB178F61-2D30-4CD4-99F2-32F286A7CF09}.Release|Any CPU.Build.0 = Release|Any CPU
		{BB97A9C6-D9DF-4AC6-88B0-2998FC530740}.Debug|Any CPU.ActiveCfg = Debug|Any CPU
		{BB97A9C6-D9DF-4AC6-88B0-2998FC530740}.Debug|Any CPU.Build.0 = Debug|Any CPU
		{BB97A9C6-D9DF-4AC6-88B0-2998FC530740}.Release|Any CPU.ActiveCfg = Release|Any CPU
		{BB97A9C6-D9DF-4AC6-88B0-2998FC530740}.Release|Any CPU.Build.0 = Release|Any CPU
		{B4AEFA13-2907-44DA-B6F7-10090306D6AE}.Debug|Any CPU.ActiveCfg = Debug|Any CPU
		{B4AEFA13-2907-44DA-B6F7-10090306D6AE}.Debug|Any CPU.Build.0 = Debug|Any CPU
		{B4AEFA13-2907-44DA-B6F7-10090306D6AE}.Release|Any CPU.ActiveCfg = Release|Any CPU
		{B4AEFA13-2907-44DA-B6F7-10090306D6AE}.Release|Any CPU.Build.0 = Release|Any CPU
		{76495A0C-FB76-47CB-8128-EEB79839D3F5}.Debug|Any CPU.ActiveCfg = Debug|Any CPU
		{76495A0C-FB76-47CB-8128-EEB79839D3F5}.Debug|Any CPU.Build.0 = Debug|Any CPU
		{76495A0C-FB76-47CB-8128-EEB79839D3F5}.Release|Any CPU.ActiveCfg = Release|Any CPU
		{76495A0C-FB76-47CB-8128-EEB79839D3F5}.Release|Any CPU.Build.0 = Release|Any CPU
		{EF0BBCEA-EA4B-46FF-B926-547D69162615}.Debug|Any CPU.ActiveCfg = Debug|Any CPU
		{EF0BBCEA-EA4B-46FF-B926-547D69162615}.Debug|Any CPU.Build.0 = Debug|Any CPU
		{EF0BBCEA-EA4B-46FF-B926-547D69162615}.Release|Any CPU.ActiveCfg = Release|Any CPU
		{EF0BBCEA-EA4B-46FF-B926-547D69162615}.Release|Any CPU.Build.0 = Release|Any CPU
		{47531C29-CC9C-41BE-AAB3-EDF66F4BA2E0}.Debug|Any CPU.ActiveCfg = Debug|Any CPU
		{47531C29-CC9C-41BE-AAB3-EDF66F4BA2E0}.Debug|Any CPU.Build.0 = Debug|Any CPU
		{47531C29-CC9C-41BE-AAB3-EDF66F4BA2E0}.Release|Any CPU.ActiveCfg = Release|Any CPU
		{47531C29-CC9C-41BE-AAB3-EDF66F4BA2E0}.Release|Any CPU.Build.0 = Release|Any CPU
		{7BA73AEA-6585-4044-88DD-4E814CD03CC8}.Debug|Any CPU.ActiveCfg = Debug|Any CPU
		{7BA73AEA-6585-4044-88DD-4E814CD03CC8}.Debug|Any CPU.Build.0 = Debug|Any CPU
		{7BA73AEA-6585-4044-88DD-4E814CD03CC8}.Release|Any CPU.ActiveCfg = Release|Any CPU
		{7BA73AEA-6585-4044-88DD-4E814CD03CC8}.Release|Any CPU.Build.0 = Release|Any CPU
		{FCF4875B-26FF-4759-9F9B-2A8C9D084918}.Debug|Any CPU.ActiveCfg = Debug|Any CPU
		{FCF4875B-26FF-4759-9F9B-2A8C9D084918}.Debug|Any CPU.Build.0 = Debug|Any CPU
		{FCF4875B-26FF-4759-9F9B-2A8C9D084918}.Release|Any CPU.ActiveCfg = Release|Any CPU
		{FCF4875B-26FF-4759-9F9B-2A8C9D084918}.Release|Any CPU.Build.0 = Release|Any CPU
		{51D8E48E-719B-40BC-95CC-D55BFABFA6D4}.Debug|Any CPU.ActiveCfg = Debug|Any CPU
		{51D8E48E-719B-40BC-95CC-D55BFABFA6D4}.Debug|Any CPU.Build.0 = Debug|Any CPU
		{51D8E48E-719B-40BC-95CC-D55BFABFA6D4}.Release|Any CPU.ActiveCfg = Release|Any CPU
		{51D8E48E-719B-40BC-95CC-D55BFABFA6D4}.Release|Any CPU.Build.0 = Release|Any CPU
	EndGlobalSection
	GlobalSection(SolutionProperties) = preSolution
		HideSolutionNode = FALSE
	EndGlobalSection
	GlobalSection(NestedProjects) = preSolution
		{AE92EA4C-30A5-4C6F-B5B1-B775A7878F17} = {9A2BA055-7F7F-465A-8422-4AB39725E8D2}
		{9E0CD545-841C-4174-B159-777153378D66} = {02EA681E-C7D8-13C7-8484-4AC65E1B71E8}
		{9153DFEE-F928-4299-AFF5-2E9745B592C2} = {9A2BA055-7F7F-465A-8422-4AB39725E8D2}
		{F299F061-66A9-4B73-95D1-DBDF13939231} = {02EA681E-C7D8-13C7-8484-4AC65E1B71E8}
		{A149D63B-8DD0-499C-A812-1D62D9CC885B} = {8BA83007-753A-41DE-ADAD-5E0E2B085BDA}
		{86B73625-9564-4035-92FA-35388F708DF8} = {8BA83007-753A-41DE-ADAD-5E0E2B085BDA}
		{95F9BC89-152C-4C17-81EF-A2F5F16E610F} = {86B73625-9564-4035-92FA-35388F708DF8}
		{70589181-7055-4D8C-A0BA-B72321165C2F} = {86B73625-9564-4035-92FA-35388F708DF8}
		{CDEBE8FE-A490-4E70-B74A-0DE3D4D78CCE} = {86B73625-9564-4035-92FA-35388F708DF8}
		{C51EF43D-2EDC-43FC-9716-F1AC73A492CD} = {86B73625-9564-4035-92FA-35388F708DF8}
		{C66764C0-0980-4FA9-816C-3FE02D0A4DD5} = {8BA83007-753A-41DE-ADAD-5E0E2B085BDA}
		{CB29FC18-396A-4F66-A0CF-85A10CCEDBD9} = {C66764C0-0980-4FA9-816C-3FE02D0A4DD5}
		{37E8C919-7ED6-4C61-A7B8-0B944DC6C19E} = {8BA83007-753A-41DE-ADAD-5E0E2B085BDA}
		{637D9CDA-93F7-4E5E-A2BB-C47DA3485AAB} = {37E8C919-7ED6-4C61-A7B8-0B944DC6C19E}
		{EB178F61-2D30-4CD4-99F2-32F286A7CF09} = {637D9CDA-93F7-4E5E-A2BB-C47DA3485AAB}
		{BB97A9C6-D9DF-4AC6-88B0-2998FC530740} = {95F9BC89-152C-4C17-81EF-A2F5F16E610F}
		{B4AEFA13-2907-44DA-B6F7-10090306D6AE} = {95F9BC89-152C-4C17-81EF-A2F5F16E610F}
		{76495A0C-FB76-47CB-8128-EEB79839D3F5} = {70589181-7055-4D8C-A0BA-B72321165C2F}
		{EF0BBCEA-EA4B-46FF-B926-547D69162615} = {70589181-7055-4D8C-A0BA-B72321165C2F}
		{8A3A18BC-FB11-45CD-9639-424C6EB6C045} = {CDEBE8FE-A490-4E70-B74A-0DE3D4D78CCE}
		{47531C29-CC9C-41BE-AAB3-EDF66F4BA2E0} = {8A3A18BC-FB11-45CD-9639-424C6EB6C045}
		{7BA73AEA-6585-4044-88DD-4E814CD03CC8} = {C51EF43D-2EDC-43FC-9716-F1AC73A492CD}
		{FCF4875B-26FF-4759-9F9B-2A8C9D084918} = {8A3A18BC-FB11-45CD-9639-424C6EB6C045}
		{51D8E48E-719B-40BC-95CC-D55BFABFA6D4} = {C51EF43D-2EDC-43FC-9716-F1AC73A492CD}
	EndGlobalSection
	GlobalSection(ExtensibilityGlobals) = postSolution
		SolutionGuid = {8A1D6255-9760-4DBB-A1DF-CD13CF529BCF}
	EndGlobalSection
EndGlobal
